
Microsoft Visual Studio Solution File, Format Version 12.00
# Visual Studio Version 17
VisualStudioVersion = 17.13.35825.156 d17.13
MinimumVisualStudioVersion = 10.0.40219.1
Project("{FAE04EC0-301F-11D3-BF4B-00C04F79EFBC}") = "Lab1-SecureSoftware-NicholasCassar", "Lab1-SecureSoftware-NicholasCassar\Lab1-SecureSoftware-NicholasCassar.csproj", "{436A2BCF-44D6-411E-9F52-9BB7C27110A0}"
EndProject
Global
	GlobalSection(SolutionConfigurationPlatforms) = preSolution
		Debug|Any CPU = Debug|Any CPU
		Release|Any CPU = Release|Any CPU
	EndGlobalSection
	GlobalSection(ProjectConfigurationPlatforms) = postSolution
		{436A2BCF-44D6-411E-9F52-9BB7C27110A0}.Debug|Any CPU.ActiveCfg = Debug|Any CPU
		{436A2BCF-44D6-411E-9F52-9BB7C27110A0}.Debug|Any CPU.Build.0 = Debug|Any CPU
		{436A2BCF-44D6-411E-9F52-9BB7C27110A0}.Release|Any CPU.ActiveCfg = Release|Any CPU
		{436A2BCF-44D6-411E-9F52-9BB7C27110A0}.Release|Any CPU.Build.0 = Release|Any CPU
	EndGlobalSection
	GlobalSection(SolutionProperties) = preSolution
		HideSolutionNode = FALSE
	EndGlobalSection
	GlobalSection(ExtensibilityGlobals) = postSolution
		SolutionGuid = {FA1BBFA6-B9FF-42B2-9EE8-2C9CFD3C964A}
	EndGlobalSection
EndGlobal
